
Microsoft Visual Studio Solution File, Format Version 12.00
# Visual Studio 2013
VisualStudioVersion = 12.0.40629.0
MinimumVisualStudioVersion = 10.0.40219.1
Project("{FAE04EC0-301F-11D3-BF4B-00C04F79EFBC}") = "Accessors", "Accessors\Accessors.csproj", "{E46CA213-9AA0-4479-8ED0-21DB19FBA33A}"
EndProject
Global
	GlobalSection(SolutionConfigurationPlatforms) = preSolution
		Debug|Any CPU = Debug|Any CPU
		Release|Any CPU = Release|Any CPU
	EndGlobalSection
	GlobalSection(ProjectConfigurationPlatforms) = postSolution
		{E46CA213-9AA0-4479-8ED0-21DB19FBA33A}.Debug|Any CPU.ActiveCfg = Debug|Any CPU
		{E46CA213-9AA0-4479-8ED0-21DB19FBA33A}.Debug|Any CPU.Build.0 = Debug|Any CPU
		{E46CA213-9AA0-4479-8ED0-21DB19FBA33A}.Release|Any CPU.ActiveCfg = Release|Any CPU
		{E46CA213-9AA0-4479-8ED0-21DB19FBA33A}.Release|Any CPU.Build.0 = Release|Any CPU
	EndGlobalSection
	GlobalSection(SolutionProperties) = preSolution
		HideSolutionNode = FALSE
	EndGlobalSection
EndGlobal
